
Microsoft Visual Studio Solution File, Format Version 12.00
# Visual Studio Version 17
VisualStudioVersion = 17.9.34714.143
MinimumVisualStudioVersion = 10.0.40219.1
Project("{FAE04EC0-301F-11D3-BF4B-00C04F79EFBC}") = "projekt 1", "projekt 1\projekt 1.csproj", "{B82C92F0-1E40-42E0-AE67-0F1E2208D409}"
EndProject
Global
	GlobalSection(SolutionConfigurationPlatforms) = preSolution
		Debug|Any CPU = Debug|Any CPU
		Release|Any CPU = Release|Any CPU
	EndGlobalSection
	GlobalSection(ProjectConfigurationPlatforms) = postSolution
		{B82C92F0-1E40-42E0-AE67-0F1E2208D409}.Debug|Any CPU.ActiveCfg = Debug|Any CPU
		{B82C92F0-1E40-42E0-AE67-0F1E2208D409}.Debug|Any CPU.Build.0 = Debug|Any CPU
		{B82C92F0-1E40-42E0-AE67-0F1E2208D409}.Release|Any CPU.ActiveCfg = Release|Any CPU
		{B82C92F0-1E40-42E0-AE67-0F1E2208D409}.Release|Any CPU.Build.0 = Release|Any CPU
	EndGlobalSection
	GlobalSection(SolutionProperties) = preSolution
		HideSolutionNode = FALSE
	EndGlobalSection
	GlobalSection(ExtensibilityGlobals) = postSolution
		SolutionGuid = {08FF7F4F-1EFB-4B40-BBE8-2F76E31464BE}
	EndGlobalSection
EndGlobal
